{
  "name": "mysqlserver",
  "version": "1.0.0",
  "lockfileVersion": 1,
  "requires": true,
  "dependencies": {
    "tail": {
      "version": "2.0.0",
      "resolved": "https://registry.npmjs.org/tail/-/tail-2.0.0.tgz",
      "integrity": "sha512-WWFbWp6YhoOxZfCIws0tlxG3SoO2XBgRL+91Cu32j/MqJakKd2lv4Dfc0zHh29Jl1sbGdfkHvMt37H/zUEXTtg=="
    }
  }
}
